#MicroXplorer Configuration settings - do not modify
CAD.formats=[{"id"\:42,"cad_product"\:"KiCAD v6+","cad_family"\:"KiCAD"}]
CAD.pinconfig=Pin name
CAD.provider=
Dma.I2C1_RX.0.Direction=DMA_PERIPH_TO_MEMORY
Dma.I2C1_RX.0.EventEnable=DISABLE
Dma.I2C1_RX.0.Instance=DMA1_Channel1
Dma.I2C1_RX.0.MemDataAlignment=DMA_MDATAALIGN_BYTE
Dma.I2C1_RX.0.MemInc=DMA_MINC_ENABLE
Dma.I2C1_RX.0.Mode=DMA_NORMAL
Dma.I2C1_RX.0.PeriphDataAlignment=DMA_PDATAALIGN_BYTE
Dma.I2C1_RX.0.PeriphInc=DMA_PINC_DISABLE
Dma.I2C1_RX.0.Polarity=HAL_DMAMUX_REQ_GEN_RISING
Dma.I2C1_RX.0.Priority=DMA_PRIORITY_LOW
Dma.I2C1_RX.0.RequestNumber=1
Dma.I2C1_RX.0.RequestParameters=Instance,Direction,PeriphInc,MemInc,PeriphDataAlignment,MemDataAlignment,Mode,Priority,SignalID,Polarity,RequestNumber,SyncSignalID,SyncPolarity,SyncEnable,EventEnable,SyncRequestNumber
Dma.I2C1_RX.0.SignalID=NONE
Dma.I2C1_RX.0.SyncEnable=DISABLE
Dma.I2C1_RX.0.SyncPolarity=HAL_DMAMUX_SYNC_NO_EVENT
Dma.I2C1_RX.0.SyncRequestNumber=1
Dma.I2C1_RX.0.SyncSignalID=NONE
Dma.I2C1_TX.1.Direction=DMA_MEMORY_TO_PERIPH
Dma.I2C1_TX.1.EventEnable=DISABLE
Dma.I2C1_TX.1.Instance=DMA1_Channel2
Dma.I2C1_TX.1.MemDataAlignment=DMA_MDATAALIGN_BYTE
Dma.I2C1_TX.1.MemInc=DMA_MINC_ENABLE
Dma.I2C1_TX.1.Mode=DMA_NORMAL
Dma.I2C1_TX.1.PeriphDataAlignment=DMA_PDATAALIGN_BYTE
Dma.I2C1_TX.1.PeriphInc=DMA_PINC_DISABLE
Dma.I2C1_TX.1.Polarity=HAL_DMAMUX_REQ_GEN_RISING
Dma.I2C1_TX.1.Priority=DMA_PRIORITY_LOW
Dma.I2C1_TX.1.RequestNumber=1
Dma.I2C1_TX.1.RequestParameters=Instance,Direction,PeriphInc,MemInc,PeriphDataAlignment,MemDataAlignment,Mode,Priority,SignalID,Polarity,RequestNumber,SyncSignalID,SyncPolarity,SyncEnable,EventEnable,SyncRequestNumber
Dma.I2C1_TX.1.SignalID=NONE
Dma.I2C1_TX.1.SyncEnable=DISABLE
Dma.I2C1_TX.1.SyncPolarity=HAL_DMAMUX_SYNC_NO_EVENT
Dma.I2C1_TX.1.SyncRequestNumber=1
Dma.I2C1_TX.1.SyncSignalID=NONE
Dma.I2C3_RX.2.Direction=DMA_PERIPH_TO_MEMORY
Dma.I2C3_RX.2.EventEnable=DISABLE
Dma.I2C3_RX.2.Instance=DMA1_Channel3
Dma.I2C3_RX.2.MemDataAlignment=DMA_MDATAALIGN_BYTE
Dma.I2C3_RX.2.MemInc=DMA_MINC_ENABLE
Dma.I2C3_RX.2.Mode=DMA_NORMAL
Dma.I2C3_RX.2.PeriphDataAlignment=DMA_PDATAALIGN_BYTE
Dma.I2C3_RX.2.PeriphInc=DMA_PINC_DISABLE
Dma.I2C3_RX.2.Polarity=HAL_DMAMUX_REQ_GEN_RISING
Dma.I2C3_RX.2.Priority=DMA_PRIORITY_LOW
Dma.I2C3_RX.2.RequestNumber=1
Dma.I2C3_RX.2.RequestParameters=Instance,Direction,PeriphInc,MemInc,PeriphDataAlignment,MemDataAlignment,Mode,Priority,SignalID,Polarity,RequestNumber,SyncSignalID,SyncPolarity,SyncEnable,EventEnable,SyncRequestNumber
Dma.I2C3_RX.2.SignalID=NONE
Dma.I2C3_RX.2.SyncEnable=DISABLE
Dma.I2C3_RX.2.SyncPolarity=HAL_DMAMUX_SYNC_NO_EVENT
Dma.I2C3_RX.2.SyncRequestNumber=1
Dma.I2C3_RX.2.SyncSignalID=NONE
Dma.I2C3_TX.3.Direction=DMA_MEMORY_TO_PERIPH
Dma.I2C3_TX.3.EventEnable=DISABLE
Dma.I2C3_TX.3.Instance=DMA1_Channel4
Dma.I2C3_TX.3.MemDataAlignment=DMA_MDATAALIGN_BYTE
Dma.I2C3_TX.3.MemInc=DMA_MINC_ENABLE
Dma.I2C3_TX.3.Mode=DMA_NORMAL
Dma.I2C3_TX.3.PeriphDataAlignment=DMA_PDATAALIGN_BYTE
Dma.I2C3_TX.3.PeriphInc=DMA_PINC_DISABLE
Dma.I2C3_TX.3.Polarity=HAL_DMAMUX_REQ_GEN_RISING
Dma.I2C3_TX.3.Priority=DMA_PRIORITY_LOW
Dma.I2C3_TX.3.RequestNumber=1
Dma.I2C3_TX.3.RequestParameters=Instance,Direction,PeriphInc,MemInc,PeriphDataAlignment,MemDataAlignment,Mode,Priority,SignalID,Polarity,RequestNumber,SyncSignalID,SyncPolarity,SyncEnable,EventEnable,SyncRequestNumber
Dma.I2C3_TX.3.SignalID=NONE
Dma.I2C3_TX.3.SyncEnable=DISABLE
Dma.I2C3_TX.3.SyncPolarity=HAL_DMAMUX_SYNC_NO_EVENT
Dma.I2C3_TX.3.SyncRequestNumber=1
Dma.I2C3_TX.3.SyncSignalID=NONE
Dma.Request0=I2C1_RX
Dma.Request1=I2C1_TX
Dma.Request2=I2C3_RX
Dma.Request3=I2C3_TX
Dma.Request4=USART1_RX
Dma.Request5=USART1_TX
Dma.RequestsNb=6
Dma.USART1_RX.4.Direction=DMA_PERIPH_TO_MEMORY
Dma.USART1_RX.4.EventEnable=DISABLE
Dma.USART1_RX.4.Instance=DMA1_Channel5
Dma.USART1_RX.4.MemDataAlignment=DMA_MDATAALIGN_BYTE
Dma.USART1_RX.4.MemInc=DMA_MINC_ENABLE
Dma.USART1_RX.4.Mode=DMA_NORMAL
Dma.USART1_RX.4.PeriphDataAlignment=DMA_PDATAALIGN_BYTE
Dma.USART1_RX.4.PeriphInc=DMA_PINC_DISABLE
Dma.USART1_RX.4.Polarity=HAL_DMAMUX_REQ_GEN_RISING
Dma.USART1_RX.4.Priority=DMA_PRIORITY_LOW
Dma.USART1_RX.4.RequestNumber=1
Dma.USART1_RX.4.RequestParameters=Instance,Direction,PeriphInc,MemInc,PeriphDataAlignment,MemDataAlignment,Mode,Priority,SignalID,Polarity,RequestNumber,SyncSignalID,SyncPolarity,SyncEnable,EventEnable,SyncRequestNumber
Dma.USART1_RX.4.SignalID=NONE
Dma.USART1_RX.4.SyncEnable=DISABLE
Dma.USART1_RX.4.SyncPolarity=HAL_DMAMUX_SYNC_NO_EVENT
Dma.USART1_RX.4.SyncRequestNumber=1
Dma.USART1_RX.4.SyncSignalID=NONE
Dma.USART1_TX.5.Direction=DMA_MEMORY_TO_PERIPH
Dma.USART1_TX.5.EventEnable=DISABLE
Dma.USART1_TX.5.Instance=DMA1_Channel6
Dma.USART1_TX.5.MemDataAlignment=DMA_MDATAALIGN_BYTE
Dma.USART1_TX.5.MemInc=DMA_MINC_ENABLE
Dma.USART1_TX.5.Mode=DMA_NORMAL
Dma.USART1_TX.5.PeriphDataAlignment=DMA_PDATAALIGN_BYTE
Dma.USART1_TX.5.PeriphInc=DMA_PINC_DISABLE
Dma.USART1_TX.5.Polarity=HAL_DMAMUX_REQ_GEN_RISING
Dma.USART1_TX.5.Priority=DMA_PRIORITY_LOW
Dma.USART1_TX.5.RequestNumber=1
Dma.USART1_TX.5.RequestParameters=Instance,Direction,PeriphInc,MemInc,PeriphDataAlignment,MemDataAlignment,Mode,Priority,SignalID,Polarity,RequestNumber,SyncSignalID,SyncPolarity,SyncEnable,EventEnable,SyncRequestNumber
Dma.USART1_TX.5.SignalID=NONE
Dma.USART1_TX.5.SyncEnable=DISABLE
Dma.USART1_TX.5.SyncPolarity=HAL_DMAMUX_SYNC_NO_EVENT
Dma.USART1_TX.5.SyncRequestNumber=1
Dma.USART1_TX.5.SyncSignalID=NONE
File.Version=6
GPIO.groupedBy=Group By Peripherals
I2C1.I2C_Speed_Mode=I2C_Fast
I2C1.IPParameters=Timing,I2C_Speed_Mode
I2C1.Timing=0x0060112F
I2C3.IPParameters=Timing
I2C3.Timing=0x00B07CB4
KeepUserPlacement=false
MMTAppReg1.MEMORYMAP.AppRegionName=RAM
MMTAppReg1.MEMORYMAP.ContextName=Cortex-M4NS
MMTAppReg1.MEMORYMAP.CoreName=ARM Cortex-M4
MMTAppReg1.MEMORYMAP.DefaultDataRegion=true
MMTAppReg1.MEMORYMAP.IPParameters=StartAddress,Size,CoreName,DefaultDataRegion,ContextName,Name
MMTAppReg1.MEMORYMAP.Name=RAM
MMTAppReg1.MEMORYMAP.Size=195584
MMTAppReg1.MEMORYMAP.StartAddress=0x20000008
MMTAppReg2.MEMORYMAP.AppRegionName=FLASH
MMTAppReg2.MEMORYMAP.ContextName=Cortex-M4NS
MMTAppReg2.MEMORYMAP.CoreName=ARM Cortex-M4
MMTAppReg2.MEMORYMAP.DefaultCodeRegion=true
MMTAppReg2.MEMORYMAP.DefaultDataRegion=false
MMTAppReg2.MEMORYMAP.IPParameters=StartAddress,Size,CoreName,DefaultDataRegion,MemType,ContextName,Name,DefaultCodeRegion
MMTAppReg2.MEMORYMAP.MemType=ROM
MMTAppReg2.MEMORYMAP.Name=FLASH
MMTAppReg2.MEMORYMAP.Size=523264
MMTAppReg2.MEMORYMAP.StartAddress=0x08000000
MMTAppReg3.MEMORYMAP.AppRegionName=RAM_SHARED
MMTAppReg3.MEMORYMAP.ContextName=Cortex-M4NS
MMTAppReg3.MEMORYMAP.CoreName=ARM Cortex-M4
MMTAppReg3.MEMORYMAP.DefaultDataRegion=true
MMTAppReg3.MEMORYMAP.IPParameters=StartAddress,Size,CoreName,DefaultDataRegion,ContextName,Name
MMTAppReg3.MEMORYMAP.Name=RAM_SHARED
MMTAppReg3.MEMORYMAP.Size=9216
MMTAppReg3.MEMORYMAP.StartAddress=0x20030000
MMTAppReg4.MEMORYMAP.AppRegionName=RAM_SHARED Reserved Alias Region
MMTAppReg4.MEMORYMAP.CoreName=ARM Cortex-M4
MMTAppReg4.MEMORYMAP.DefaultDataRegion=false
MMTAppReg4.MEMORYMAP.IPParameters=StartAddress,Size,CoreName,DefaultDataRegion,ReservedRegion,Name
MMTAppReg4.MEMORYMAP.Name=RAM_SHARED Reserved Alias Region
MMTAppReg4.MEMORYMAP.ReservedRegion=true
MMTAppReg4.MEMORYMAP.Size=9216
MMTAppReg4.MEMORYMAP.StartAddress=0x10000000
MMTAppRegionsCount=4
MMTConfigApplied=false
Mcu.CPN=STM32WB5MMGH6TR
Mcu.Family=STM32WB
Mcu.IP0=DMA
Mcu.IP1=HSEM
Mcu.IP10=SEQUENCER
Mcu.IP11=STM32_WPAN
Mcu.IP12=SYS
Mcu.IP13=TINY_LPM
Mcu.IP14=USART1
Mcu.IP2=I2C1
Mcu.IP3=I2C3
Mcu.IP4=IPCC
Mcu.IP5=MEMORYMAP
Mcu.IP6=NVIC
Mcu.IP7=RCC
Mcu.IP8=RF
Mcu.IP9=RTC
Mcu.IPNb=15
Mcu.Name=STM32WB5MMGHx
Mcu.Package=LGA86
Mcu.Pin0=PB8
Mcu.Pin1=PB7
Mcu.Pin10=PD12
Mcu.Pin11=VP_HSEM_VS_HSEM
Mcu.Pin12=VP_IPCC_VS_IPCC
Mcu.Pin13=VP_RCC_V_OSC_IN
Mcu.Pin14=VP_RCC_V_OSC32_IN
Mcu.Pin15=VP_RF_VS_RF
Mcu.Pin16=VP_RTC_VS_RTC_Activate
Mcu.Pin17=VP_RTC_VS_RTC_WakeUp_intern
Mcu.Pin18=VP_SEQUENCER_VS_SEQUENCER
Mcu.Pin19=VP_STM32_WPAN_VS_BLE_HOST
Mcu.Pin2=PA13
Mcu.Pin20=VP_SYS_VS_Systick
Mcu.Pin21=VP_TINY_LPM_VS_TINY_LPM
Mcu.Pin22=VP_MEMORYMAP_VS_MEMORYMAP
Mcu.Pin3=PA14
Mcu.Pin4=PA10
Mcu.Pin5=PB14
Mcu.Pin6=PB6
Mcu.Pin7=PB10
Mcu.Pin8=PD14
Mcu.Pin9=PD13
Mcu.PinsNb=23
Mcu.ThirdPartyNb=0
Mcu.UserConstants=
Mcu.UserName=STM32WB5MMGHx
MxCube.Version=6.15.0
MxDb.Version=DB.6.0.150
NVIC.BusFault_IRQn=true\:0\:0\:false\:false\:true\:false\:false\:false
NVIC.DMA1_Channel1_IRQn=true\:2\:0\:true\:false\:true\:false\:true\:true
NVIC.DMA1_Channel2_IRQn=true\:2\:0\:true\:false\:true\:false\:true\:true
NVIC.DMA1_Channel3_IRQn=true\:2\:0\:true\:false\:true\:false\:true\:true
NVIC.DMA1_Channel4_IRQn=true\:2\:0\:true\:false\:true\:false\:true\:true
NVIC.DMA1_Channel5_IRQn=true\:0\:0\:false\:false\:true\:false\:true\:true
NVIC.DMA1_Channel6_IRQn=true\:0\:0\:false\:false\:true\:false\:true\:true
NVIC.DebugMonitor_IRQn=true\:0\:0\:false\:false\:true\:false\:false\:false
NVIC.EXTI15_10_IRQn=true\:4\:0\:true\:false\:true\:true\:true\:true
NVIC.ForceEnableDMAVector=true
NVIC.HSEM_IRQn=true\:0\:0\:false\:false\:true\:false\:true\:true
NVIC.HardFault_IRQn=true\:0\:0\:false\:false\:true\:false\:false\:false
NVIC.I2C1_ER_IRQn=true\:0\:0\:true\:false\:true\:true\:true\:true
NVIC.I2C1_EV_IRQn=true\:1\:0\:true\:false\:true\:true\:true\:true
NVIC.I2C3_ER_IRQn=true\:0\:0\:false\:false\:true\:true\:true\:true
NVIC.I2C3_EV_IRQn=true\:0\:0\:false\:false\:true\:true\:true\:true
NVIC.IPCC_C1_RX_IRQn=true\:0\:0\:false\:false\:true\:true\:true\:true
NVIC.IPCC_C1_TX_IRQn=true\:0\:0\:false\:false\:true\:true\:true\:true
NVIC.MemoryManagement_IRQn=true\:0\:0\:false\:false\:true\:false\:false\:false
NVIC.NonMaskableInt_IRQn=true\:0\:0\:false\:false\:true\:false\:false\:false
NVIC.PendSV_IRQn=true\:0\:0\:false\:false\:true\:false\:false\:false
NVIC.PriorityGroup=NVIC_PRIORITYGROUP_4
NVIC.RTC_WKUP_IRQn=true\:0\:0\:false\:false\:true\:true\:true\:true
NVIC.SVCall_IRQn=true\:0\:0\:false\:false\:true\:false\:false\:false
NVIC.SysTick_IRQn=true\:0\:0\:false\:false\:true\:false\:true\:false
NVIC.USART1_IRQn=true\:0\:0\:false\:false\:true\:true\:true\:true
NVIC.UsageFault_IRQn=true\:0\:0\:false\:false\:true\:false\:false\:false
PA10.GPIOParameters=GPIO_Speed,GPIO_Pu,GPIO_Mode
PA10.GPIO_Mode=GPIO_MODE_AF_OD
PA10.GPIO_Pu=GPIO_PULLUP
PA10.GPIO_Speed=GPIO_SPEED_FREQ_VERY_HIGH
PA10.Locked=true
PA10.Mode=I2C
PA10.Signal=I2C1_SDA
PA13.GPIOParameters=GPIO_Label
PA13.GPIO_Label=T_SWDIO
PA13.Locked=true
PA13.Mode=Serial_Wire
PA13.Signal=SYS_JTMS-SWDIO
PA14.GPIOParameters=GPIO_Label
PA14.GPIO_Label=T_SWCLK
PA14.Locked=true
PA14.Mode=Serial_Wire
PA14.Signal=SYS_JTCK-SWCLK
PB10.GPIOParameters=GPIO_Speed,GPIO_Label,GPIO_Pu
PB10.GPIO_Label=I2C3_SCL
PB10.GPIO_Pu=GPIO_PULLUP
PB10.GPIO_Speed=GPIO_SPEED_FREQ_HIGH
PB10.Locked=true
PB10.Mode=I2C
PB10.Signal=I2C3_SCL
PB14.GPIOParameters=GPIO_Speed,GPIO_Label,GPIO_Pu
PB14.GPIO_Label=I2C3_SDA
PB14.GPIO_Pu=GPIO_PULLUP
PB14.GPIO_Speed=GPIO_SPEED_FREQ_HIGH
PB14.Locked=true
PB14.Mode=I2C
PB14.Signal=I2C3_SDA
PB6.GPIOParameters=GPIO_Label
PB6.GPIO_Label=VCP_TX
PB6.Locked=true
PB6.Mode=Asynchronous
PB6.Signal=USART1_TX
PB7.GPIOParameters=GPIO_Label
PB7.GPIO_Label=VCP_RX
PB7.Locked=true
PB7.Mode=Asynchronous
PB7.Signal=USART1_RX
PB8.GPIOParameters=GPIO_Speed,GPIO_Pu,GPIO_Mode
PB8.GPIO_Mode=GPIO_MODE_AF_OD
PB8.GPIO_Pu=GPIO_PULLUP
PB8.GPIO_Speed=GPIO_SPEED_FREQ_VERY_HIGH
PB8.Locked=true
PB8.Mode=I2C
PB8.Signal=I2C1_SCL
PCC.Battery=Li-SOCL2(AAA700)
PCC.Battery.Capacity=700.0
PCC.Battery.Compatibility=Yes
PCC.Battery.InParallel=1
PCC.Battery.InSeries=1
PCC.Battery.MaxContinuous=10.0
PCC.Battery.MaxPulseCurrent=30.0
PCC.Battery.NominalVoltage=3.6
PCC.Battery.SelfDischarge=0.08
PCC.Ble.ConnectionInterval=1000.0
PCC.Ble.DataLength=8
PCC.Ble.IsUsed=true
PCC.Ble.Mode=Connected Master
PCC.Ble.PowerLevel=Min
PCC.Checker=true
PCC.Line=STM32WBxM Modules
PCC.MCU=STM32WB5MMGHx
PCC.PartNumber=STM32WB5MMGHx
PCC.Seq0=2
PCC.Seq0.Step0.Average_Current=8.8 mA
PCC.Seq0.Step0.CPU_Frequency=64 MHz
PCC.Seq0.Step0.Category=In DS Table
PCC.Seq0.Step0.DMIPS=80.0
PCC.Seq0.Step0.Duration=0.1 ms
PCC.Seq0.Step0.Frequency=16 MHz
PCC.Seq0.Step0.Memory=SRAM1/Flash-PowerDown
PCC.Seq0.Step0.Mode=RUN
PCC.Seq0.Step0.Oscillator=HSI PLL Regulator_ON
PCC.Seq0.Step0.Peripherals=
PCC.Seq0.Step0.TaMax=103.9
PCC.Seq0.Step0.User's_Consumption=0 mA
PCC.Seq0.Step0.Vcore=Range1-High
PCC.Seq0.Step0.Vdd=3.3
PCC.Seq0.Step0.Voltage_Source=Battery
PCC.Seq0.Step1.Average_Current=1.9 \u00B5A
PCC.Seq0.Step1.CPU_Frequency=0 Hz
PCC.Seq0.Step1.Category=In DS Table
PCC.Seq0.Step1.DMIPS=0.0
PCC.Seq0.Step1.Duration=0.9 ms
PCC.Seq0.Step1.Frequency=16 MHz
PCC.Seq0.Step1.Memory=FLASH/ART/CACHE
PCC.Seq0.Step1.Mode=STOP2
PCC.Seq0.Step1.Oscillator=HSI LPUART1 Regulator_ON
PCC.Seq0.Step1.Peripherals=
PCC.Seq0.Step1.TaMax=105
PCC.Seq0.Step1.User's_Consumption=0 mA
PCC.Seq0.Step1.Vcore=NoRange
PCC.Seq0.Step1.Vdd=3.3
PCC.Seq0.Step1.Voltage_Source=Battery
PCC.Series=STM32WB
PCC.Temperature=25
PCC.Vdd=3.3
PCC.Zigbee.IsUsed=false
PCC.Zigbee.Mode=Sleepy End Device
PCC.Zigbee.Payload=15
PCC.Zigbee.PoolPeriodicity=480.0
PCC.Zigbee.PowerLevel=Min
PCC.Zigbee.RequestPeriodicity=1500.0
PD12.Locked=true
PD12.Signal=GPIO_Output
PD13.Locked=true
PD13.Signal=GPIO_Output
PD14.GPIOParameters=GPIO_PuPd
PD14.GPIO_PuPd=GPIO_PULLDOWN
PD14.Locked=true
PD14.Signal=GPXTI14
PinOutPanel.CurrentBGAView=Top
PinOutPanel.RotationAngle=0
ProjectManager.AskForMigrate=true
ProjectManager.BackupPrevious=false
ProjectManager.CompilerLinker=GCC
ProjectManager.CompilerOptimize=6
ProjectManager.ComputerToolchain=false
ProjectManager.CoupleFile=false
ProjectManager.CustomerFirmwarePackage=
ProjectManager.DefaultFWLocation=true
ProjectManager.DeletePrevious=true
ProjectManager.DeviceId=STM32WB5MMGHx
ProjectManager.FirmwarePackage=STM32Cube FW_WB V1.23.0
ProjectManager.FreePins=false
ProjectManager.HalAssertFull=false
ProjectManager.HeapSize=0x200
ProjectManager.KeepUserCode=true
ProjectManager.LastFirmware=true
ProjectManager.LibraryCopy=1
ProjectManager.MainLocation=Core/Src
ProjectManager.NoMain=false
ProjectManager.PreviousToolchain=
ProjectManager.ProjectBuild=false
ProjectManager.ProjectFileName=TMJData.ioc
ProjectManager.ProjectName=TMJData
ProjectManager.ProjectStructure=
ProjectManager.RegisterCallBack=UART
ProjectManager.StackSize=0x400
ProjectManager.TargetToolchain=STM32CubeIDE
ProjectManager.ToolChainLocation=
ProjectManager.UAScriptAfterPath=
ProjectManager.UAScriptBeforePath=
ProjectManager.UnderRoot=true
ProjectManager.functionlistsort=1-SystemClock_Config-RCC-false-HAL-false,2-MX_GPIO_Init-GPIO-false-HAL-true,3-MX_DMA_Init-DMA-false-HAL-true,4-MX_I2C1_Init-I2C1-false-HAL-true,5-MX_I2C3_Init-I2C3-false-HAL-true,6-MX_IPCC_Init-IPCC-false-HAL-true,7-MX_RTC_Init-RTC-false-HAL-true,8-MX_USART1_UART_Init-USART1-false-HAL-true,9-APPE_Init-STM32_WPAN-false-HAL-false,10-MX_RF_Init-RF-false-HAL-true,0-MX_HSEM_Init-HSEM-false-HAL-true
RCC.AHBFreq_Value=32000000
RCC.APB1Freq_Value=32000000
RCC.APB1TimFreq_Value=32000000
RCC.APB2Freq_Value=32000000
RCC.APB2TimFreq_Value=32000000
RCC.APB3Freq_Value=16000000
RCC.Cortex2Freq_Value=32000000
RCC.CortexFreq_Value=32000000
RCC.FCLK2Freq_Value=32000000
RCC.FCLKCortexFreq_Value=32000000
RCC.FamilyName=M
RCC.HCLK2Freq_Value=32000000
RCC.HCLK3Freq_Value=32000000
RCC.HCLKFreq_Value=32000000
RCC.HCLKRFFreq_Value=16000000
RCC.HSE_VALUE=32000000
RCC.HSI48_VALUE=48000000
RCC.HSI_VALUE=16000000
RCC.I2C1Freq_Value=32000000
RCC.I2C3Freq_Value=32000000
RCC.IPParameters=AHBFreq_Value,APB1Freq_Value,APB1TimFreq_Value,APB2Freq_Value,APB2TimFreq_Value,APB3Freq_Value,Cortex2Freq_Value,CortexFreq_Value,FCLK2Freq_Value,FCLKCortexFreq_Value,FamilyName,HCLK2Freq_Value,HCLK3Freq_Value,HCLKFreq_Value,HCLKRFFreq_Value,HSE_VALUE,HSI48_VALUE,HSI_VALUE,I2C1Freq_Value,I2C3Freq_Value,LCDFreq_Value,LPTIM1Freq_Value,LPTIM2Freq_Value,LPUART1Freq_Value,LSCOPinFreq_Value,LSI_VALUE,MCO1PinFreq_Value,PLLN,PLLPoutputFreq_Value,PLLQoutputFreq_Value,PLLR,PLLRCLKFreq_Value,PLLSAI1PoutputFreq_Value,PLLSAI1QoutputFreq_Value,PLLSAI1RoutputFreq_Value,PWRFreq_Value,RFWKPClockSelection,RFWKPFreq_Value,RNGFreq_Value,RTCClockSelection,RTCFreq_Value,SAI1Freq_Value,SMPS1Freq_Value,SMPSFreq_Value,SYSCLKFreq_VALUE,SYSCLKSource,USART1Freq_Value,VCOInputFreq_Value,VCOOutputFreq_Value,VCOSAI1OutputFreq_Value
RCC.LCDFreq_Value=32774
RCC.LPTIM1Freq_Value=32000000
RCC.LPTIM2Freq_Value=32000000
RCC.LPUART1Freq_Value=32000000
RCC.LSCOPinFreq_Value=32000
RCC.LSI_VALUE=32000
RCC.MCO1PinFreq_Value=32000000
RCC.PLLN=24
RCC.PLLPoutputFreq_Value=48000000
RCC.PLLQoutputFreq_Value=48000000
RCC.PLLR=RCC_PLLR_DIV3
RCC.PLLRCLKFreq_Value=32000000
RCC.PLLSAI1PoutputFreq_Value=16000000
RCC.PLLSAI1QoutputFreq_Value=16000000
RCC.PLLSAI1RoutputFreq_Value=16000000
RCC.PWRFreq_Value=32000000
RCC.RFWKPClockSelection=RCC_RFWKPCLKSOURCE_LSE
RCC.RFWKPFreq_Value=32774
RCC.RNGFreq_Value=32000
RCC.RTCClockSelection=RCC_RTCCLKSOURCE_LSE
RCC.RTCFreq_Value=32774
RCC.SAI1Freq_Value=16000000
RCC.SMPS1Freq_Value=8000000
RCC.SMPSFreq_Value=4000000
RCC.SYSCLKFreq_VALUE=32000000
RCC.SYSCLKSource=RCC_SYSCLKSOURCE_HSE
RCC.USART1Freq_Value=32000000
RCC.VCOInputFreq_Value=4000000
RCC.VCOOutputFreq_Value=96000000
RCC.VCOSAI1OutputFreq_Value=32000000
SH.GPXTI14.0=GPIO_EXTI14
SH.GPXTI14.ConfNb=1
STM32_WPAN.BLE_DBG_APP_EN=1
STM32_WPAN.CFG_DEBUG_APP_TRACE=1
STM32_WPAN.CFG_DEBUG_BLE_TRACE=1
STM32_WPAN.CFG_DEBUG_TRACE_LIGHT=1
STM32_WPAN.CFG_DEBUG_TRACE_UART=hw_uart1
STM32_WPAN.CFG_HW_USART1_ENABLED=1
STM32_WPAN.CFG_LPM_SUPPORTED=0
STM32_WPAN.CFG_LSCLK_LSE=0
STM32_WPAN.IPParameters=LOCAL_NAME,LOCAL_NAME_FORMATTED,CFG_HW_USART1_ENABLED,CFG_DEBUG_TRACE_UART,CFG_DEBUG_BLE_TRACE,CFG_DEBUG_APP_TRACE,CFG_DEBUG_TRACE_LIGHT,BLE_DBG_APP_EN,CFG_LSCLK_LSE,CFG_LPM_SUPPORTED
STM32_WPAN.LOCAL_NAME=TMJData
STM32_WPAN.LOCAL_NAME_FORMATTED=,'T','M','J','D','a','t','a'
USART1.IPParameters=VirtualMode-Asynchronous
USART1.VirtualMode-Asynchronous=VM_ASYNC
VP_HSEM_VS_HSEM.Mode=HSEM_Activate
VP_HSEM_VS_HSEM.Signal=HSEM_VS_HSEM
VP_IPCC_VS_IPCC.Mode=IPCC_Activate
VP_IPCC_VS_IPCC.Signal=IPCC_VS_IPCC
VP_MEMORYMAP_VS_MEMORYMAP.Mode=CurAppReg
VP_MEMORYMAP_VS_MEMORYMAP.Signal=MEMORYMAP_VS_MEMORYMAP
VP_RCC_V_OSC32_IN.Mode=LSE-External-Clock-Source
VP_RCC_V_OSC32_IN.Signal=RCC_V_OSC32_IN
VP_RCC_V_OSC_IN.Mode=HSE-External-Clock-Source
VP_RCC_V_OSC_IN.Signal=RCC_V_OSC_IN
VP_RF_VS_RF.Mode=RF_Activate
VP_RF_VS_RF.Signal=RF_VS_RF
VP_RTC_VS_RTC_Activate.Mode=RTC_Enabled
VP_RTC_VS_RTC_Activate.Signal=RTC_VS_RTC_Activate
VP_RTC_VS_RTC_WakeUp_intern.Mode=WakeUp
VP_RTC_VS_RTC_WakeUp_intern.Signal=RTC_VS_RTC_WakeUp_intern
VP_SEQUENCER_VS_SEQUENCER.Mode=SEQUENCER_Enabled
VP_SEQUENCER_VS_SEQUENCER.Signal=SEQUENCER_VS_SEQUENCER
VP_STM32_WPAN_VS_BLE_HOST.Mode=STM32_WPAN_Enabled
VP_STM32_WPAN_VS_BLE_HOST.Signal=STM32_WPAN_VS_BLE_HOST
VP_SYS_VS_Systick.Mode=SysTick
VP_SYS_VS_Systick.Signal=SYS_VS_Systick
VP_TINY_LPM_VS_TINY_LPM.Mode=TINY_LPM_Enabled
VP_TINY_LPM_VS_TINY_LPM.Signal=TINY_LPM_VS_TINY_LPM
board=STM32WB5MM-DK
boardIOC=true
isbadioc=false
